
Microsoft Visual Studio Solution File, Format Version 12.00
# Visual Studio Version 17
VisualStudioVersion = 17.12.35527.113 d17.12
MinimumVisualStudioVersion = 10.0.40219.1
Project("{FAE04EC0-301F-11D3-BF4B-00C04F79EFBC}") = "MibMap", "MibMap\MibMap.csproj", "{866B57B0-934B-4BFF-943B-A6C51467D456}"
EndProject
Global
	GlobalSection(SolutionConfigurationPlatforms) = preSolution
		Debug|Any CPU = Debug|Any CPU
		Release|Any CPU = Release|Any CPU
	EndGlobalSection
	GlobalSection(ProjectConfigurationPlatforms) = postSolution
		{866B57B0-934B-4BFF-943B-A6C51467D456}.Debug|Any CPU.ActiveCfg = Debug|Any CPU
		{866B57B0-934B-4BFF-943B-A6C51467D456}.Debug|Any CPU.Build.0 = Debug|Any CPU
		{866B57B0-934B-4BFF-943B-A6C51467D456}.Release|Any CPU.ActiveCfg = Release|Any CPU
		{866B57B0-934B-4BFF-943B-A6C51467D456}.Release|Any CPU.Build.0 = Release|Any CPU
	EndGlobalSection
	GlobalSection(SolutionProperties) = preSolution
		HideSolutionNode = FALSE
	EndGlobalSection
EndGlobal
